
Microsoft Visual Studio Solution File, Format Version 12.00
# Visual Studio Version 17
VisualStudioVersion = 17.5.002.0
MinimumVisualStudioVersion = 10.0.40219.1
Project("{2150E333-8FDC-42A3-9474-1A3956D46DE8}") = "src", "src", "{C57C7823-07DA-47DD-B682-2F9C79D6A36B}"
EndProject
Project("{9A19103F-16F7-4668-BE54-9A1E7A4F7556}") = "Todo.API", "src\Todo.API\Todo.API.csproj", "{D82AF208-F8BF-4FA5-BA33-6CA641CF7FB1}"
EndProject
Global
	GlobalSection(SolutionConfigurationPlatforms) = preSolution
		Debug|Any CPU = Debug|Any CPU
		Release|Any CPU = Release|Any CPU
	EndGlobalSection
	GlobalSection(ProjectConfigurationPlatforms) = postSolution
		{D82AF208-F8BF-4FA5-BA33-6CA641CF7FB1}.Debug|Any CPU.ActiveCfg = Debug|Any CPU
		{D82AF208-F8BF-4FA5-BA33-6CA641CF7FB1}.Debug|Any CPU.Build.0 = Debug|Any CPU
		{D82AF208-F8BF-4FA5-BA33-6CA641CF7FB1}.Release|Any CPU.ActiveCfg = Release|Any CPU
		{D82AF208-F8BF-4FA5-BA33-6CA641CF7FB1}.Release|Any CPU.Build.0 = Release|Any CPU
	EndGlobalSection
	GlobalSection(SolutionProperties) = preSolution
		HideSolutionNode = FALSE
	EndGlobalSection
	GlobalSection(NestedProjects) = preSolution
		{D82AF208-F8BF-4FA5-BA33-6CA641CF7FB1} = {C57C7823-07DA-47DD-B682-2F9C79D6A36B}
	EndGlobalSection
	GlobalSection(ExtensibilityGlobals) = postSolution
		SolutionGuid = {581FB146-BAB9-492A-A57B-5A513361C1F7}
	EndGlobalSection
EndGlobal
